
Microsoft Visual Studio Solution File, Format Version 12.00
# Visual Studio Version 17
VisualStudioVersion = 17.11.35222.181
MinimumVisualStudioVersion = 10.0.40219.1
Project("{FAE04EC0-301F-11D3-BF4B-00C04F79EFBC}") = "IlmHub_Qr_code", "IlmHub_Qr_code\IlmHub_Qr_code.csproj", "{0AA19F9B-7727-4422-B1A5-5CA295BD345E}"
EndProject
Global
	GlobalSection(SolutionConfigurationPlatforms) = preSolution
		Debug|Any CPU = Debug|Any CPU
		Release|Any CPU = Release|Any CPU
	EndGlobalSection
	GlobalSection(ProjectConfigurationPlatforms) = postSolution
		{0AA19F9B-7727-4422-B1A5-5CA295BD345E}.Debug|Any CPU.ActiveCfg = Debug|Any CPU
		{0AA19F9B-7727-4422-B1A5-5CA295BD345E}.Debug|Any CPU.Build.0 = Debug|Any CPU
		{0AA19F9B-7727-4422-B1A5-5CA295BD345E}.Release|Any CPU.ActiveCfg = Release|Any CPU
		{0AA19F9B-7727-4422-B1A5-5CA295BD345E}.Release|Any CPU.Build.0 = Release|Any CPU
	EndGlobalSection
	GlobalSection(SolutionProperties) = preSolution
		HideSolutionNode = FALSE
	EndGlobalSection
	GlobalSection(ExtensibilityGlobals) = postSolution
		SolutionGuid = {63DCD903-ECD1-40FF-8934-9BE4A3D1565A}
	EndGlobalSection
EndGlobal
